// !$*UTF8*$!
{
	archiveVersion = 1;
	classes = {
	};
	objectVersion = 46;
	objects = {

/* Begin PBXBuildFile section */
		6BBBF2811F0C1316003E3AAC /* main.m in Sources */ = {isa = PBXBuildFile; fileRef = 6BBBF2801F0C1316003E3AAC /* main.m */; };
		6BBBF2841F0C1316003E3AAC /* AppDelegate.m in Sources */ = {isa = PBXBuildFile; fileRef = 6BBBF2831F0C1316003E3AAC /* AppDelegate.m */; };
		6BBBF2871F0C1316003E3AAC /* ViewController.m in Sources */ = {isa = PBXBuildFile; fileRef = 6BBBF2861F0C1316003E3AAC /* ViewController.m */; };
		6BBBF28A1F0C1316003E3AAC /* Main.storyboard in Resources */ = {isa = PBXBuildFile; fileRef = 6BBBF2881F0C1316003E3AAC /* Main.storyboard */; };
		6BBBF28C1F0C1316003E3AAC /* Assets.xcassets in Resources */ = {isa = PBXBuildFile; fileRef = 6BBBF28B1F0C1316003E3AAC /* Assets.xcassets */; };
		6BBBF28F1F0C1316003E3AAC /* LaunchScreen.storyboard in Resources */ = {isa = PBXBuildFile; fileRef = 6BBBF28D1F0C1316003E3AAC /* LaunchScreen.storyboard */; };
		6BE150DB1F100AD5002C1CE1 /* KNADataClass.m in Sources */ = {isa = PBXBuildFile; fileRef = 6BE150DA1F100AD5002C1CE1 /* KNADataClass.m */; };
		6BE150DE1F10F9D2002C1CE1 /* KNAParserXML.m in Sources */ = {isa = PBXBuildFile; fileRef = 6BE150DD1F10F9D2002C1CE1 /* KNAParserXML.m */; };
/* End PBXBuildFile section */

/* Begin PBXFileReference section */
		6BBBF27C1F0C1316003E3AAC /* Currency Converter 3000.app */ = {isa = PBXFileReference; explicitFileType = wrapper.application; includeInIndex = 0; path = "Currency Converter 3000.app"; sourceTree = BUILT_PRODUCTS_DIR; };
		6BBBF2801F0C1316003E3AAC /* main.m */ = {isa = PBXFileReference; lastKnownFileType = sourcecode.c.objc; path = main.m; sourceTree = "<group>"; };
		6BBBF2821F0C1316003E3AAC /* AppDelegate.h */ = {isa = PBXFileReference; lastKnownFileType = sourcecode.c.h; path = AppDelegate.h; sourceTree = "<group>"; };
		6BBBF2831F0C1316003E3AAC /* AppDelegate.m */ = {isa = PBXFileReference; lastKnownFileType = sourcecode.c.objc; path = AppDelegate.m; sourceTree = "<group>"; };
		6BBBF2851F0C1316003E3AAC /* ViewController.h */ = {isa = PBXFileReference; lastKnownFileType = sourcecode.c.h; path = ViewController.h; sourceTree = "<group>"; };
		6BBBF2861F0C1316003E3AAC /* ViewController.m */ = {isa = PBXFileReference; lastKnownFileType = sourcecode.c.objc; path = ViewController.m; sourceTree = "<group>"; };
		6BBBF2891F0C1316003E3AAC /* Base */ = {isa = PBXFileReference; lastKnownFileType = file.storyboard; name = Base; path = Base.lproj/Main.storyboard; sourceTree = "<group>"; };
		6BBBF28B1F0C1316003E3AAC /* Assets.xcassets */ = {isa = PBXFileReference; lastKnownFileType = folder.assetcatalog; path = Assets.xcassets; sourceTree = "<group>"; };
		6BBBF28E1F0C1316003E3AAC /* Base */ = {isa = PBXFileReference; lastKnownFileType = file.storyboard; name = Base; path = Base.lproj/LaunchScreen.storyboard; sourceTree = "<group>"; };
		6BBBF2901F0C1316003E3AAC /* Info.plist */ = {isa = PBXFileReference; lastKnownFileType = text.plist.xml; path = Info.plist; sourceTree = "<group>"; };
		6BE150D91F100A2F002C1CE1 /* KNADataClass.h */ = {isa = PBXFileReference; fileEncoding = 4; lastKnownFileType = sourcecode.c.h; path = KNADataClass.h; sourceTree = "<group>"; };
		6BE150DA1F100AD5002C1CE1 /* KNADataClass.m */ = {isa = PBXFileReference; fileEncoding = 4; lastKnownFileType = sourcecode.c.objc; path = KNADataClass.m; sourceTree = "<group>"; };
		6BE150DC1F10F9D2002C1CE1 /* KNAParserXML.h */ = {isa = PBXFileReference; fileEncoding = 4; lastKnownFileType = sourcecode.c.h; path = KNAParserXML.h; sourceTree = "<group>"; };
		6BE150DD1F10F9D2002C1CE1 /* KNAParserXML.m */ = {isa = PBXFileReference; fileEncoding = 4; lastKnownFileType = sourcecode.c.objc; path = KNAParserXML.m; sourceTree = "<group>"; };
/* End PBXFileReference section */

/* Begin PBXFrameworksBuildPhase section */
		6BBBF2791F0C1316003E3AAC /* Frameworks */ = {
			isa = PBXFrameworksBuildPhase;
			buildActionMask = 2147483647;
			files = (
			);
			runOnlyForDeploymentPostprocessing = 0;
		};
/* End PBXFrameworksBuildPhase section */

/* Begin PBXGroup section */
		6BBBF2731F0C1316003E3AAC = {
			isa = PBXGroup;
			children = (
				6BBBF27E1F0C1316003E3AAC /* Currency Converter 3000 */,
				6BBBF27D1F0C1316003E3AAC /* Products */,
			);
			sourceTree = "<group>";
		};
		6BBBF27D1F0C1316003E3AAC /* Products */ = {
			isa = PBXGroup;
			children = (
				6BBBF27C1F0C1316003E3AAC /* Currency Converter 3000.app */,
			);
			name = Products;
			sourceTree = "<group>";
		};
		6BBBF27E1F0C1316003E3AAC /* Currency Converter 3000 */ = {
			isa = PBXGroup;
			children = (
				6BBBF2821F0C1316003E3AAC /* AppDelegate.h */,
				6BBBF2831F0C1316003E3AAC /* AppDelegate.m */,
				6BBBF2851F0C1316003E3AAC /* ViewController.h */,
				6BBBF2861F0C1316003E3AAC /* ViewController.m */,
				6BBBF2881F0C1316003E3AAC /* Main.storyboard */,
				6BBBF28B1F0C1316003E3AAC /* Assets.xcassets */,
				6BBBF28D1F0C1316003E3AAC /* LaunchScreen.storyboard */,
				6BBBF2901F0C1316003E3AAC /* Info.plist */,
				6BBBF27F1F0C1316003E3AAC /* Supporting Files */,
				6BE150D91F100A2F002C1CE1 /* KNADataClass.h */,
				6BE150DA1F100AD5002C1CE1 /* KNADataClass.m */,
				6BE150DC1F10F9D2002C1CE1 /* KNAParserXML.h */,
				6BE150DD1F10F9D2002C1CE1 /* KNAParserXML.m */,
			);
			path = "Currency Converter 3000";
			sourceTree = "<group>";
		};
		6BBBF27F1F0C1316003E3AAC /* Supporting Files */ = {
			isa = PBXGroup;
			children = (
				6BBBF2801F0C1316003E3AAC /* main.m */,
			);
			name = "Supporting Files";
			sourceTree = "<group>";
		};
/* End PBXGroup section */

/* Begin PBXNativeTarget section */
		6BBBF27B1F0C1316003E3AAC /* Currency Converter 3000 */ = {
			isa = PBXNativeTarget;
			buildConfigurationList = 6BBBF2931F0C1316003E3AAC /* Build configuration list for PBXNativeTarget "Currency Converter 3000" */;
			buildPhases = (
				6BBBF2781F0C1316003E3AAC /* Sources */,
				6BBBF2791F0C1316003E3AAC /* Frameworks */,
				6BBBF27A1F0C1316003E3AAC /* Resources */,
			);
			buildRules = (
			);
			dependencies = (
			);
			name = "Currency Converter 3000";
			productName = "Currency Converter 3000";
			productReference = 6BBBF27C1F0C1316003E3AAC /* Currency Converter 3000.app */;
			productType = "com.apple.product-type.application";
		};
/* End PBXNativeTarget section */

/* Begin PBXProject section */
		6BBBF2741F0C1316003E3AAC /* Project object */ = {
			isa = PBXProject;
			attributes = {
				LastUpgradeCheck = 0820;
				ORGANIZATIONNAME = "Nikolay Koroid";
				TargetAttributes = {
					6BBBF27B1F0C1316003E3AAC = {
						CreatedOnToolsVersion = 8.2.1;
						DevelopmentTeam = JYTDKU932N;
						ProvisioningStyle = Automatic;
					};
				};
			};
			buildConfigurationList = 6BBBF2771F0C1316003E3AAC /* Build configuration list for PBXProject "Currency Converter 3000" */;
			compatibilityVersion = "Xcode 3.2";
			developmentRegion = English;
			hasScannedForEncodings = 0;
			knownRegions = (
				en,
				Base,
			);
			mainGroup = 6BBBF2731F0C1316003E3AAC;
			productRefGroup = 6BBBF27D1F0C1316003E3AAC /* Products */;
			projectDirPath = "";
			projectRoot = "";
			targets = (
				6BBBF27B1F0C1316003E3AAC /* Currency Converter 3000 */,
			);
		};
/* End PBXProject section */

/* Begin PBXResourcesBuildPhase section */
		6BBBF27A1F0C1316003E3AAC /* Resources */ = {
			isa = PBXResourcesBuildPhase;
			buildActionMask = 2147483647;
			files = (
				6BBBF28F1F0C1316003E3AAC /* LaunchScreen.storyboard in Resources */,
				6BBBF28C1F0C1316003E3AAC /* Assets.xcassets in Resources */,
				6BBBF28A1F0C1316003E3AAC /* Main.storyboard in Resources */,
			);
			runOnlyForDeploymentPostprocessing = 0;
		};
/* End PBXResourcesBuildPhase section */

/* Begin PBXSourcesBuildPhase section */
		6BBBF2781F0C1316003E3AAC /* Sources */ = {
			isa = PBXSourcesBuildPhase;
			buildActionMask = 2147483647;
			files = (
				6BBBF2871F0C1316003E3AAC /* ViewController.m in Sources */,
				6BBBF2841F0C1316003E3AAC /* AppDelegate.m in Sources */,
				6BBBF2811F0C1316003E3AAC /* main.m in Sources */,
				6BE150DB1F100AD5002C1CE1 /* KNADataClass.m in Sources */,
				6BE150DE1F10F9D2002C1CE1 /* KNAParserXML.m in Sources */,
			);
			runOnlyForDeploymentPostprocessing = 0;
		};
/* End PBXSourcesBuildPhase section */

/* Begin PBXVariantGroup section */
		6BBBF2881F0C1316003E3AAC /* Main.storyboard */ = {
			isa = PBXVariantGroup;
			children = (
				6BBBF2891F0C1316003E3AAC /* Base */,
			);
			name = Main.storyboard;
			sourceTree = "<group>";
		};
		6BBBF28D1F0C1316003E3AAC /* LaunchScreen.storyboard */ = {
			isa = PBXVariantGroup;
			children = (
				6BBBF28E1F0C1316003E3AAC /* Base */,
			);
			name = LaunchScreen.storyboard;
			sourceTree = "<group>";
		};
/* End PBXVariantGroup section */

/* Begin XCBuildConfiguration section */
		6BBBF2911F0C1316003E3AAC /* Debug */ = {
			isa = XCBuildConfiguration;
			buildSettings = {
				ALWAYS_SEARCH_USER_PATHS = NO;
				CLANG_ANALYZER_NONNULL = YES;
				CLANG_CXX_LANGUAGE_STANDARD = "gnu++0x";
				CLANG_CXX_LIBRARY = "libc++";
				CLANG_ENABLE_MODULES = YES;
				CLANG_ENABLE_OBJC_ARC = YES;
				CLANG_WARN_BOOL_CONVERSION = YES;
				CLANG_WARN_CONSTANT_CONVERSION = YES;
				CLANG_WARN_DIRECT_OBJC_ISA_USAGE = YES_ERROR;
				CLANG_WARN_DOCUMENTATION_COMMENTS = YES;
				CLANG_WARN_EMPTY_BODY = YES;
				CLANG_WARN_ENUM_CONVERSION = YES;
				CLANG_WARN_INFINITE_RECURSION = YES;
				CLANG_WARN_INT_CONVERSION = YES;
				CLANG_WARN_OBJC_ROOT_CLASS = YES_ERROR;
				CLANG_WARN_SUSPICIOUS_MOVE = YES;
				CLANG_WARN_UNREACHABLE_CODE = YES;
				CLANG_WARN__DUPLICATE_METHOD_MATCH = YES;
				"CODE_SIGN_IDENTITY[sdk=iphoneos*]" = "iPhone Developer";
				COPY_PHASE_STRIP = NO;
				DEBUG_INFORMATION_FORMAT = dwarf;
				ENABLE_STRICT_OBJC_MSGSEND = YES;
				ENABLE_TESTABILITY = YES;
				GCC_C_LANGUAGE_STANDARD = gnu99;
				GCC_DYNAMIC_NO_PIC = NO;
				GCC_NO_COMMON_BLOCKS = YES;
				GCC_OPTIMIZATION_LEVEL = 0;
				GCC_PREPROCESSOR_DEFINITIONS = (
					"DEBUG=1",
					"$(inherited)",
				);
				GCC_WARN_64_TO_32_BIT_CONVERSION = YES;
				GCC_WARN_ABOUT_RETURN_TYPE = YES_ERROR;
				GCC_WARN_UNDECLARED_SELECTOR = YES;
				GCC_WARN_UNINITIALIZED_AUTOS = YES_AGGRESSIVE;
				GCC_WARN_UNUSED_FUNCTION = YES;
				GCC_WARN_UNUSED_VARIABLE = YES;
				IPHONEOS_DEPLOYMENT_TARGET = 10.2;
				MTL_ENABLE_DEBUG_INFO = YES;
				ONLY_ACTIVE_ARCH = YES;
				SDKROOT = iphoneos;
			};
			name = Debug;
		};
		6BBBF2921F0C1316003E3AAC /* Release */ = {
			isa = XCBuildConfiguration;
			buildSettings = {
				ALWAYS_SEARCH_USER_PATHS = NO;
				CLANG_ANALYZER_NONNULL = YES;
				CLANG_CXX_LANGUAGE_STANDARD = "gnu++0x";
				CLANG_CXX_LIBRARY = "libc++";
				CLANG_ENABLE_MODULES = YES;
				CLANG_ENABLE_OBJC_ARC = YES;
				CLANG_WARN_BOOL_CONVERSION = YES;
				CLANG_WARN_CONSTANT_CONVERSION = YES;
				CLANG_WARN_DIRECT_OBJC_ISA_USAGE = YES_ERROR;
				CLANG_WARN_DOCUMENTATION_COMMENTS = YES;
				CLANG_WARN_EMPTY_BODY = YES;
				CLANG_WARN_ENUM_CONVERSION = YES;
				CLANG_WARN_INFINITE_RECURSION = YES;
				CLANG_WARN_INT_CONVERSION = YES;
				CLANG_WARN_OBJC_ROOT_CLASS = YES_ERROR;
				CLANG_WARN_SUSPICIOUS_MOVE = YES;
				CLANG_WARN_UNREACHABLE_CODE = YES;
				CLANG_WARN__DUPLICATE_METHOD_MATCH = YES;
				"CODE_SIGN_IDENTITY[sdk=iphoneos*]" = "iPhone Developer";
				COPY_PHASE_STRIP = NO;
				DEBUG_INFORMATION_FORMAT = "dwarf-with-dsym";
				ENABLE_NS_ASSERTIONS = NO;
				ENABLE_STRICT_OBJC_MSGSEND = YES;
				GCC_C_LANGUAGE_STANDARD = gnu99;
				GCC_NO_COMMON_BLOCKS = YES;
				GCC_WARN_64_TO_32_BIT_CONVERSION = YES;
				GCC_WARN_ABOUT_RETURN_TYPE = YES_ERROR;
				GCC_WARN_UNDECLARED_SELECTOR = YES;
				GCC_WARN_UNINITIALIZED_AUTOS = YES_AGGRESSIVE;
				GCC_WARN_UNUSED_FUNCTION = YES;
				GCC_WARN_UNUSED_VARIABLE = YES;
				IPHONEOS_DEPLOYMENT_TARGET = 10.2;
				MTL_ENABLE_DEBUG_INFO = NO;
				SDKROOT = iphoneos;
				VALIDATE_PRODUCT = YES;
			};
			name = Release;
		};
		6BBBF2941F0C1316003E3AAC /* Debug */ = {
			isa = XCBuildConfiguration;
			buildSettings = {
				ASSETCATALOG_COMPILER_APPICON_NAME = AppIcon;
				DEVELOPMENT_TEAM = JYTDKU932N;
				INFOPLIST_FILE = "Currency Converter 3000/Info.plist";
				LD_RUNPATH_SEARCH_PATHS = "$(inherited) @executable_path/Frameworks";
				PRODUCT_BUNDLE_IDENTIFIER = "com.nikolay.koroid.Currency-Converter-3000";
				PRODUCT_NAME = "$(TARGET_NAME)";
			};
			name = Debug;
		};
		6BBBF2951F0C1316003E3AAC /* Release */ = {
			isa = XCBuildConfiguration;
			buildSettings = {
				ASSETCATALOG_COMPILER_APPICON_NAME = AppIcon;
				DEVELOPMENT_TEAM = JYTDKU932N;
				INFOPLIST_FILE = "Currency Converter 3000/Info.plist";
				LD_RUNPATH_SEARCH_PATHS = "$(inherited) @executable_path/Frameworks";
				PRODUCT_BUNDLE_IDENTIFIER = "com.nikolay.koroid.Currency-Converter-3000";
				PRODUCT_NAME = "$(TARGET_NAME)";
			};
			name = Release;
		};
/* End XCBuildConfiguration section */

/* Begin XCConfigurationList section */
		6BBBF2771F0C1316003E3AAC /* Build configuration list for PBXProject "Currency Converter 3000" */ = {
			isa = XCConfigurationList;
			buildConfigurations = (
				6BBBF2911F0C1316003E3AAC /* Debug */,
				6BBBF2921F0C1316003E3AAC /* Release */,
			);
			defaultConfigurationIsVisible = 0;
			defaultConfigurationName = Release;
		};
		6BBBF2931F0C1316003E3AAC /* Build configuration list for PBXNativeTarget "Currency Converter 3000" */ = {
			isa = XCConfigurationList;
			buildConfigurations = (
				6BBBF2941F0C1316003E3AAC /* Debug */,
				6BBBF2951F0C1316003E3AAC /* Release */,
			);
			defaultConfigurationIsVisible = 0;
			defaultConfigurationName = Release;
		};
/* End XCConfigurationList section */
	};
	rootObject = 6BBBF2741F0C1316003E3AAC /* Project object */;
}
